// !$*UTF8*$!
{
	archiveVersion = 1;
	classes = {
	};
	objectVersion = 46;
	objects = {

/* Begin PBXBuildFile section */
		86C697141B2F2F9400AFFF0E /* main.m in Sources */ = {isa = PBXBuildFile; fileRef = 86C697131B2F2F9400AFFF0E /* main.m */; };
/* End PBXBuildFile section */

/* Begin PBXCopyFilesBuildPhase section */
		86C6970E1B2F2F9400AFFF0E /* CopyFiles */ = {
			isa = PBXCopyFilesBuildPhase;
			buildActionMask = 2147483647;
			dstPath = /usr/share/man/man1/;
			dstSubfolderSpec = 0;
			files = (
			);
			runOnlyForDeploymentPostprocessing = 1;
		};
/* End PBXCopyFilesBuildPhase section */

/* Begin PBXFileReference section */
		86C697101B2F2F9400AFFF0E /* Xcode-Analyzer-Uninitialized-Value-Bug */ = {isa = PBXFileReference; explicitFileType = "compiled.mach-o.executable"; includeInIndex = 0; path = "Xcode-Analyzer-Uninitialized-Value-Bug"; sourceTree = BUILT_PRODUCTS_DIR; };
		86C697131B2F2F9400AFFF0E /* main.m */ = {isa = PBXFileReference; lastKnownFileType = sourcecode.c.objc; path = main.m; sourceTree = "<group>"; };
/* End PBXFileReference section */

/* Begin PBXFrameworksBuildPhase section */
		86C6970D1B2F2F9400AFFF0E /* Frameworks */ = {
			isa = PBXFrameworksBuildPhase;
			buildActionMask = 2147483647;
			files = (
			);
			runOnlyForDeploymentPostprocessing = 0;
		};
/* End PBXFrameworksBuildPhase section */

/* Begin PBXGroup section */
		86C697071B2F2F9300AFFF0E = {
			isa = PBXGroup;
			children = (
				86C697121B2F2F9400AFFF0E /* Xcode-Analyzer-Uninitialized-Value-Bug */,
				86C697111B2F2F9400AFFF0E /* Products */,
			);
			sourceTree = "<group>";
		};
		86C697111B2F2F9400AFFF0E /* Products */ = {
			isa = PBXGroup;
			children = (
				86C697101B2F2F9400AFFF0E /* Xcode-Analyzer-Uninitialized-Value-Bug */,
			);
			name = Products;
			sourceTree = "<group>";
		};
		86C697121B2F2F9400AFFF0E /* Xcode-Analyzer-Uninitialized-Value-Bug */ = {
			isa = PBXGroup;
			children = (
				86C697131B2F2F9400AFFF0E /* main.m */,
			);
			path = "Xcode-Analyzer-Uninitialized-Value-Bug";
			sourceTree = "<group>";
		};
/* End PBXGroup section */

/* Begin PBXNativeTarget section */
		86C6970F1B2F2F9400AFFF0E /* Xcode-Analyzer-Uninitialized-Value-Bug */ = {
			isa = PBXNativeTarget;
			buildConfigurationList = 86C697171B2F2F9400AFFF0E /* Build configuration list for PBXNativeTarget "Xcode-Analyzer-Uninitialized-Value-Bug" */;
			buildPhases = (
				86C6970C1B2F2F9400AFFF0E /* Sources */,
				86C6970D1B2F2F9400AFFF0E /* Frameworks */,
				86C6970E1B2F2F9400AFFF0E /* CopyFiles */,
			);
			buildRules = (
			);
			dependencies = (
			);
			name = "Xcode-Analyzer-Uninitialized-Value-Bug";
			productName = "Xcode-Analyzer-Uninitialized-Value-Bug";
			productReference = 86C697101B2F2F9400AFFF0E /* Xcode-Analyzer-Uninitialized-Value-Bug */;
			productType = "com.apple.product-type.tool";
		};
/* End PBXNativeTarget section */

/* Begin PBXProject section */
		86C697081B2F2F9300AFFF0E /* Project object */ = {
			isa = PBXProject;
			attributes = {
				LastUpgradeCheck = 0630;
				ORGANIZATIONNAME = "Stanislaw Pankevich";
				TargetAttributes = {
					86C6970F1B2F2F9400AFFF0E = {
						CreatedOnToolsVersion = 6.3.2;
					};
				};
			};
			buildConfigurationList = 86C6970B1B2F2F9300AFFF0E /* Build configuration list for PBXProject "Xcode-Analyzer-Uninitialized-Value-Bug" */;
			compatibilityVersion = "Xcode 3.2";
			developmentRegion = English;
			hasScannedForEncodings = 0;
			knownRegions = (
				en,
			);
			mainGroup = 86C697071B2F2F9300AFFF0E;
			productRefGroup = 86C697111B2F2F9400AFFF0E /* Products */;
			projectDirPath = "";
			projectRoot = "";
			targets = (
				86C6970F1B2F2F9400AFFF0E /* Xcode-Analyzer-Uninitialized-Value-Bug */,
			);
		};
/* End PBXProject section */

/* Begin PBXSourcesBuildPhase section */
		86C6970C1B2F2F9400AFFF0E /* Sources */ = {
			isa = PBXSourcesBuildPhase;
			buildActionMask = 2147483647;
			files = (
				86C697141B2F2F9400AFFF0E /* main.m in Sources */,
			);
			runOnlyForDeploymentPostprocessing = 0;
		};
/* End PBXSourcesBuildPhase section */

/* Begin XCBuildConfiguration section */
		86C697151B2F2F9400AFFF0E /* Debug */ = {
			isa = XCBuildConfiguration;
			buildSettings = {
				ALWAYS_SEARCH_USER_PATHS = NO;
				CLANG_CXX_LANGUAGE_STANDARD = "gnu++0x";
				CLANG_CXX_LIBRARY = "libc++";
				CLANG_ENABLE_MODULES = YES;
				CLANG_ENABLE_OBJC_ARC = YES;
				CLANG_WARN_BOOL_CONVERSION = YES;
				CLANG_WARN_CONSTANT_CONVERSION = YES;
				CLANG_WARN_DIRECT_OBJC_ISA_USAGE = YES_ERROR;
				CLANG_WARN_EMPTY_BODY = YES;
				CLANG_WARN_ENUM_CONVERSION = YES;
				CLANG_WARN_INT_CONVERSION = YES;
				CLANG_WARN_OBJC_ROOT_CLASS = YES_ERROR;
				CLANG_WARN_UNREACHABLE_CODE = YES;
				CLANG_WARN__DUPLICATE_METHOD_MATCH = YES;
				COPY_PHASE_STRIP = NO;
				DEBUG_INFORMATION_FORMAT = dwarf;
				ENABLE_STRICT_OBJC_MSGSEND = YES;
				GCC_C_LANGUAGE_STANDARD = gnu99;
				GCC_DYNAMIC_NO_PIC = NO;
				GCC_NO_COMMON_BLOCKS = YES;
				GCC_OPTIMIZATION_LEVEL = 0;
				GCC_PREPROCESSOR_DEFINITIONS = (
					"DEBUG=1",
					"$(inherited)",
				);
				GCC_SYMBOLS_PRIVATE_EXTERN = NO;
				GCC_WARN_64_TO_32_BIT_CONVERSION = YES;
				GCC_WARN_ABOUT_RETURN_TYPE = YES_ERROR;
				GCC_WARN_UNDECLARED_SELECTOR = YES;
				GCC_WARN_UNINITIALIZED_AUTOS = YES_AGGRESSIVE;
				GCC_WARN_UNUSED_FUNCTION = YES;
				GCC_WARN_UNUSED_VARIABLE = YES;
				MACOSX_DEPLOYMENT_TARGET = 10.10;
				MTL_ENABLE_DEBUG_INFO = YES;
				ONLY_ACTIVE_ARCH = YES;
				SDKROOT = macosx;
			};
			name = Debug;
		};
		86C697161B2F2F9400AFFF0E /* Release */ = {
			isa = XCBuildConfiguration;
			buildSettings = {
				ALWAYS_SEARCH_USER_PATHS = NO;
				CLANG_CXX_LANGUAGE_STANDARD = "gnu++0x";
				CLANG_CXX_LIBRARY = "libc++";
				CLANG_ENABLE_MODULES = YES;
				CLANG_ENABLE_OBJC_ARC = YES;
				CLANG_WARN_BOOL_CONVERSION = YES;
				CLANG_WARN_CONSTANT_CONVERSION = YES;
				CLANG_WARN_DIRECT_OBJC_ISA_USAGE = YES_ERROR;
				CLANG_WARN_EMPTY_BODY = YES;
				CLANG_WARN_ENUM_CONVERSION = YES;
				CLANG_WARN_INT_CONVERSION = YES;
				CLANG_WARN_OBJC_ROOT_CLASS = YES_ERROR;
				CLANG_WARN_UNREACHABLE_CODE = YES;
				CLANG_WARN__DUPLICATE_METHOD_MATCH = YES;
				COPY_PHASE_STRIP = NO;
				DEBUG_INFORMATION_FORMAT = "dwarf-with-dsym";
				ENABLE_NS_ASSERTIONS = NO;
				ENABLE_STRICT_OBJC_MSGSEND = YES;
				GCC_C_LANGUAGE_STANDARD = gnu99;
				GCC_NO_COMMON_BLOCKS = YES;
				GCC_WARN_64_TO_32_BIT_CONVERSION = YES;
				GCC_WARN_ABOUT_RETURN_TYPE = YES_ERROR;
				GCC_WARN_UNDECLARED_SELECTOR = YES;
				GCC_WARN_UNINITIALIZED_AUTOS = YES_AGGRESSIVE;
				GCC_WARN_UNUSED_FUNCTION = YES;
				GCC_WARN_UNUSED_VARIABLE = YES;
				MACOSX_DEPLOYMENT_TARGET = 10.10;
				MTL_ENABLE_DEBUG_INFO = NO;
				SDKROOT = macosx;
			};
			name = Release;
		};
		86C697181B2F2F9400AFFF0E /* Debug */ = {
			isa = XCBuildConfiguration;
			buildSettings = {
				PRODUCT_NAME = "$(TARGET_NAME)";
			};
			name = Debug;
		};
		86C697191B2F2F9400AFFF0E /* Release */ = {
			isa = XCBuildConfiguration;
			buildSettings = {
				PRODUCT_NAME = "$(TARGET_NAME)";
			};
			name = Release;
		};
/* End XCBuildConfiguration section */

/* Begin XCConfigurationList section */
		86C6970B1B2F2F9300AFFF0E /* Build configuration list for PBXProject "Xcode-Analyzer-Uninitialized-Value-Bug" */ = {
			isa = XCConfigurationList;
			buildConfigurations = (
				86C697151B2F2F9400AFFF0E /* Debug */,
				86C697161B2F2F9400AFFF0E /* Release */,
			);
			defaultConfigurationIsVisible = 0;
			defaultConfigurationName = Release;
		};
		86C697171B2F2F9400AFFF0E /* Build configuration list for PBXNativeTarget "Xcode-Analyzer-Uninitialized-Value-Bug" */ = {
			isa = XCConfigurationList;
			buildConfigurations = (
				86C697181B2F2F9400AFFF0E /* Debug */,
				86C697191B2F2F9400AFFF0E /* Release */,
			);
			defaultConfigurationIsVisible = 0;
		};
/* End XCConfigurationList section */
	};
	rootObject = 86C697081B2F2F9300AFFF0E /* Project object */;
}
