// !$*UTF8*$!
{
	archiveVersion = 1;
	classes = {
	};
	objectVersion = 50;
	objects = {

/* Begin PBXBuildFile section */
		8671416F2222D8610046C5E4 /* main.cpp in Sources */ = {isa = PBXBuildFile; fileRef = 8671416E2222D8610046C5E4 /* main.cpp */; };
		867141A32222D8840046C5E4 /* gtest-test-part.cc in Sources */ = {isa = PBXBuildFile; fileRef = 867141992222D8840046C5E4 /* gtest-test-part.cc */; };
		867141A42222D8840046C5E4 /* gtest.cc in Sources */ = {isa = PBXBuildFile; fileRef = 8671419A2222D8840046C5E4 /* gtest.cc */; };
		867141A62222D8840046C5E4 /* gtest-death-test.cc in Sources */ = {isa = PBXBuildFile; fileRef = 8671419D2222D8840046C5E4 /* gtest-death-test.cc */; };
		867141A72222D8840046C5E4 /* gtest-port.cc in Sources */ = {isa = PBXBuildFile; fileRef = 8671419E2222D8840046C5E4 /* gtest-port.cc */; };
		867141A82222D8840046C5E4 /* gtest-printers.cc in Sources */ = {isa = PBXBuildFile; fileRef = 8671419F2222D8840046C5E4 /* gtest-printers.cc */; };
		867141A92222D8840046C5E4 /* gtest-typed-test.cc in Sources */ = {isa = PBXBuildFile; fileRef = 867141A02222D8840046C5E4 /* gtest-typed-test.cc */; };
		867141AB2222D8840046C5E4 /* gtest-filepath.cc in Sources */ = {isa = PBXBuildFile; fileRef = 867141A22222D8840046C5E4 /* gtest-filepath.cc */; };
/* End PBXBuildFile section */

/* Begin PBXCopyFilesBuildPhase section */
		867141692222D8610046C5E4 /* CopyFiles */ = {
			isa = PBXCopyFilesBuildPhase;
			buildActionMask = 2147483647;
			dstPath = /usr/share/man/man1/;
			dstSubfolderSpec = 0;
			files = (
			);
			runOnlyForDeploymentPostprocessing = 1;
		};
/* End PBXCopyFilesBuildPhase section */

/* Begin PBXFileReference section */
		8671416B2222D8610046C5E4 /* Xcode-CPP-Google-Test */ = {isa = PBXFileReference; explicitFileType = "compiled.mach-o.executable"; includeInIndex = 0; path = "Xcode-CPP-Google-Test"; sourceTree = BUILT_PRODUCTS_DIR; };
		8671416E2222D8610046C5E4 /* main.cpp */ = {isa = PBXFileReference; lastKnownFileType = sourcecode.cpp.cpp; path = main.cpp; sourceTree = "<group>"; };
		867141762222D8840046C5E4 /* CMakeLists.txt */ = {isa = PBXFileReference; fileEncoding = 4; lastKnownFileType = text; path = CMakeLists.txt; sourceTree = "<group>"; };
		867141792222D8840046C5E4 /* gtest-death-test.h */ = {isa = PBXFileReference; fileEncoding = 4; lastKnownFileType = sourcecode.c.h; path = "gtest-death-test.h"; sourceTree = "<group>"; };
		8671417A2222D8840046C5E4 /* gtest-spi.h */ = {isa = PBXFileReference; fileEncoding = 4; lastKnownFileType = sourcecode.c.h; path = "gtest-spi.h"; sourceTree = "<group>"; };
		8671417C2222D8840046C5E4 /* gtest-linked_ptr.h */ = {isa = PBXFileReference; fileEncoding = 4; lastKnownFileType = sourcecode.c.h; path = "gtest-linked_ptr.h"; sourceTree = "<group>"; };
		8671417D2222D8840046C5E4 /* gtest-string.h */ = {isa = PBXFileReference; fileEncoding = 4; lastKnownFileType = sourcecode.c.h; path = "gtest-string.h"; sourceTree = "<group>"; };
		8671417E2222D8840046C5E4 /* gtest-tuple.h.pump */ = {isa = PBXFileReference; fileEncoding = 4; lastKnownFileType = text; path = "gtest-tuple.h.pump"; sourceTree = "<group>"; };
		8671417F2222D8840046C5E4 /* gtest-death-test-internal.h */ = {isa = PBXFileReference; fileEncoding = 4; lastKnownFileType = sourcecode.c.h; path = "gtest-death-test-internal.h"; sourceTree = "<group>"; };
		867141802222D8840046C5E4 /* gtest-type-util.h.pump */ = {isa = PBXFileReference; fileEncoding = 4; lastKnownFileType = text; path = "gtest-type-util.h.pump"; sourceTree = "<group>"; };
		867141812222D8840046C5E4 /* gtest-port.h */ = {isa = PBXFileReference; fileEncoding = 4; lastKnownFileType = sourcecode.c.h; path = "gtest-port.h"; sourceTree = "<group>"; };
		867141822222D8840046C5E4 /* gtest-port-arch.h */ = {isa = PBXFileReference; fileEncoding = 4; lastKnownFileType = sourcecode.c.h; path = "gtest-port-arch.h"; sourceTree = "<group>"; };
		867141832222D8840046C5E4 /* gtest-internal.h */ = {isa = PBXFileReference; fileEncoding = 4; lastKnownFileType = sourcecode.c.h; path = "gtest-internal.h"; sourceTree = "<group>"; };
		867141842222D8840046C5E4 /* gtest-param-util-generated.h */ = {isa = PBXFileReference; fileEncoding = 4; lastKnownFileType = sourcecode.c.h; path = "gtest-param-util-generated.h"; sourceTree = "<group>"; };
		867141852222D8840046C5E4 /* gtest-param-util.h */ = {isa = PBXFileReference; fileEncoding = 4; lastKnownFileType = sourcecode.c.h; path = "gtest-param-util.h"; sourceTree = "<group>"; };
		867141862222D8840046C5E4 /* gtest-type-util.h */ = {isa = PBXFileReference; fileEncoding = 4; lastKnownFileType = sourcecode.c.h; path = "gtest-type-util.h"; sourceTree = "<group>"; };
		867141872222D8840046C5E4 /* gtest-filepath.h */ = {isa = PBXFileReference; fileEncoding = 4; lastKnownFileType = sourcecode.c.h; path = "gtest-filepath.h"; sourceTree = "<group>"; };
		867141892222D8840046C5E4 /* gtest-port.h */ = {isa = PBXFileReference; fileEncoding = 4; lastKnownFileType = sourcecode.c.h; path = "gtest-port.h"; sourceTree = "<group>"; };
		8671418A2222D8840046C5E4 /* README.md */ = {isa = PBXFileReference; fileEncoding = 4; lastKnownFileType = net.daringfireball.markdown; path = README.md; sourceTree = "<group>"; };
		8671418B2222D8840046C5E4 /* gtest.h */ = {isa = PBXFileReference; fileEncoding = 4; lastKnownFileType = sourcecode.c.h; path = gtest.h; sourceTree = "<group>"; };
		8671418C2222D8840046C5E4 /* gtest-printers.h */ = {isa = PBXFileReference; fileEncoding = 4; lastKnownFileType = sourcecode.c.h; path = "gtest-printers.h"; sourceTree = "<group>"; };
		8671418D2222D8840046C5E4 /* gtest-tuple.h */ = {isa = PBXFileReference; fileEncoding = 4; lastKnownFileType = sourcecode.c.h; path = "gtest-tuple.h"; sourceTree = "<group>"; };
		8671418E2222D8840046C5E4 /* gtest-param-util-generated.h.pump */ = {isa = PBXFileReference; fileEncoding = 4; lastKnownFileType = text; path = "gtest-param-util-generated.h.pump"; sourceTree = "<group>"; };
		8671418F2222D8840046C5E4 /* gtest-message.h */ = {isa = PBXFileReference; fileEncoding = 4; lastKnownFileType = sourcecode.c.h; path = "gtest-message.h"; sourceTree = "<group>"; };
		867141902222D8840046C5E4 /* gtest-param-test.h */ = {isa = PBXFileReference; fileEncoding = 4; lastKnownFileType = sourcecode.c.h; path = "gtest-param-test.h"; sourceTree = "<group>"; };
		867141912222D8840046C5E4 /* gtest-typed-test.h */ = {isa = PBXFileReference; fileEncoding = 4; lastKnownFileType = sourcecode.c.h; path = "gtest-typed-test.h"; sourceTree = "<group>"; };
		867141922222D8840046C5E4 /* gtest_pred_impl.h */ = {isa = PBXFileReference; fileEncoding = 4; lastKnownFileType = sourcecode.c.h; path = gtest_pred_impl.h; sourceTree = "<group>"; };
		867141932222D8840046C5E4 /* gtest_prod.h */ = {isa = PBXFileReference; fileEncoding = 4; lastKnownFileType = sourcecode.c.h; path = gtest_prod.h; sourceTree = "<group>"; };
		867141942222D8840046C5E4 /* gtest-param-test.h.pump */ = {isa = PBXFileReference; fileEncoding = 4; lastKnownFileType = text; path = "gtest-param-test.h.pump"; sourceTree = "<group>"; };
		867141952222D8840046C5E4 /* gtest-test-part.h */ = {isa = PBXFileReference; fileEncoding = 4; lastKnownFileType = sourcecode.c.h; path = "gtest-test-part.h"; sourceTree = "<group>"; };
		867141962222D8840046C5E4 /* gtest.h */ = {isa = PBXFileReference; fileEncoding = 4; lastKnownFileType = sourcecode.c.h; path = gtest.h; sourceTree = "<group>"; };
		867141972222D8840046C5E4 /* gtest-printers.h */ = {isa = PBXFileReference; fileEncoding = 4; lastKnownFileType = sourcecode.c.h; path = "gtest-printers.h"; sourceTree = "<group>"; };
		867141992222D8840046C5E4 /* gtest-test-part.cc */ = {isa = PBXFileReference; fileEncoding = 4; lastKnownFileType = sourcecode.cpp.cpp; path = "gtest-test-part.cc"; sourceTree = "<group>"; };
		8671419A2222D8840046C5E4 /* gtest.cc */ = {isa = PBXFileReference; fileEncoding = 4; lastKnownFileType = sourcecode.cpp.cpp; path = gtest.cc; sourceTree = "<group>"; };
		8671419C2222D8840046C5E4 /* gtest-internal-inl.h */ = {isa = PBXFileReference; fileEncoding = 4; lastKnownFileType = sourcecode.c.h; path = "gtest-internal-inl.h"; sourceTree = "<group>"; };
		8671419D2222D8840046C5E4 /* gtest-death-test.cc */ = {isa = PBXFileReference; fileEncoding = 4; lastKnownFileType = sourcecode.cpp.cpp; path = "gtest-death-test.cc"; sourceTree = "<group>"; };
		8671419E2222D8840046C5E4 /* gtest-port.cc */ = {isa = PBXFileReference; fileEncoding = 4; lastKnownFileType = sourcecode.cpp.cpp; path = "gtest-port.cc"; sourceTree = "<group>"; };
		8671419F2222D8840046C5E4 /* gtest-printers.cc */ = {isa = PBXFileReference; fileEncoding = 4; lastKnownFileType = sourcecode.cpp.cpp; path = "gtest-printers.cc"; sourceTree = "<group>"; };
		867141A02222D8840046C5E4 /* gtest-typed-test.cc */ = {isa = PBXFileReference; fileEncoding = 4; lastKnownFileType = sourcecode.cpp.cpp; path = "gtest-typed-test.cc"; sourceTree = "<group>"; };
		867141A22222D8840046C5E4 /* gtest-filepath.cc */ = {isa = PBXFileReference; fileEncoding = 4; lastKnownFileType = sourcecode.cpp.cpp; path = "gtest-filepath.cc"; sourceTree = "<group>"; };
		867141AE2222DA3A0046C5E4 /* gtest_main.cc */ = {isa = PBXFileReference; lastKnownFileType = sourcecode.cpp.cpp; path = gtest_main.cc; sourceTree = "<group>"; };
		867141AF2222DA3A0046C5E4 /* gtest-all.cc */ = {isa = PBXFileReference; lastKnownFileType = sourcecode.cpp.cpp; path = "gtest-all.cc"; sourceTree = "<group>"; };
/* End PBXFileReference section */

/* Begin PBXFrameworksBuildPhase section */
		867141682222D8610046C5E4 /* Frameworks */ = {
			isa = PBXFrameworksBuildPhase;
			buildActionMask = 2147483647;
			files = (
			);
			runOnlyForDeploymentPostprocessing = 0;
		};
/* End PBXFrameworksBuildPhase section */

/* Begin PBXGroup section */
		867141622222D8610046C5E4 = {
			isa = PBXGroup;
			children = (
				8671416D2222D8610046C5E4 /* Xcode-CPP-Google-Test */,
				8671416C2222D8610046C5E4 /* Products */,
			);
			sourceTree = "<group>";
		};
		8671416C2222D8610046C5E4 /* Products */ = {
			isa = PBXGroup;
			children = (
				8671416B2222D8610046C5E4 /* Xcode-CPP-Google-Test */,
			);
			name = Products;
			sourceTree = "<group>";
		};
		8671416D2222D8610046C5E4 /* Xcode-CPP-Google-Test */ = {
			isa = PBXGroup;
			children = (
				867141752222D8840046C5E4 /* googletest */,
				8671416E2222D8610046C5E4 /* main.cpp */,
			);
			path = "Xcode-CPP-Google-Test";
			sourceTree = "<group>";
		};
		867141752222D8840046C5E4 /* googletest */ = {
			isa = PBXGroup;
			children = (
				867141762222D8840046C5E4 /* CMakeLists.txt */,
				867141772222D8840046C5E4 /* include */,
				867141982222D8840046C5E4 /* src */,
			);
			path = googletest;
			sourceTree = "<group>";
		};
		867141772222D8840046C5E4 /* include */ = {
			isa = PBXGroup;
			children = (
				867141782222D8840046C5E4 /* gtest */,
			);
			path = include;
			sourceTree = "<group>";
		};
		867141782222D8840046C5E4 /* gtest */ = {
			isa = PBXGroup;
			children = (
				867141792222D8840046C5E4 /* gtest-death-test.h */,
				8671417A2222D8840046C5E4 /* gtest-spi.h */,
				8671417B2222D8840046C5E4 /* internal */,
				8671418F2222D8840046C5E4 /* gtest-message.h */,
				867141902222D8840046C5E4 /* gtest-param-test.h */,
				867141912222D8840046C5E4 /* gtest-typed-test.h */,
				867141922222D8840046C5E4 /* gtest_pred_impl.h */,
				867141932222D8840046C5E4 /* gtest_prod.h */,
				867141942222D8840046C5E4 /* gtest-param-test.h.pump */,
				867141952222D8840046C5E4 /* gtest-test-part.h */,
				867141962222D8840046C5E4 /* gtest.h */,
				867141972222D8840046C5E4 /* gtest-printers.h */,
			);
			path = gtest;
			sourceTree = "<group>";
		};
		8671417B2222D8840046C5E4 /* internal */ = {
			isa = PBXGroup;
			children = (
				8671417C2222D8840046C5E4 /* gtest-linked_ptr.h */,
				8671417D2222D8840046C5E4 /* gtest-string.h */,
				8671417E2222D8840046C5E4 /* gtest-tuple.h.pump */,
				8671417F2222D8840046C5E4 /* gtest-death-test-internal.h */,
				867141802222D8840046C5E4 /* gtest-type-util.h.pump */,
				867141812222D8840046C5E4 /* gtest-port.h */,
				867141822222D8840046C5E4 /* gtest-port-arch.h */,
				867141832222D8840046C5E4 /* gtest-internal.h */,
				867141842222D8840046C5E4 /* gtest-param-util-generated.h */,
				867141852222D8840046C5E4 /* gtest-param-util.h */,
				867141862222D8840046C5E4 /* gtest-type-util.h */,
				867141872222D8840046C5E4 /* gtest-filepath.h */,
				867141882222D8840046C5E4 /* custom */,
				8671418D2222D8840046C5E4 /* gtest-tuple.h */,
				8671418E2222D8840046C5E4 /* gtest-param-util-generated.h.pump */,
			);
			path = internal;
			sourceTree = "<group>";
		};
		867141882222D8840046C5E4 /* custom */ = {
			isa = PBXGroup;
			children = (
				867141892222D8840046C5E4 /* gtest-port.h */,
				8671418A2222D8840046C5E4 /* README.md */,
				8671418B2222D8840046C5E4 /* gtest.h */,
				8671418C2222D8840046C5E4 /* gtest-printers.h */,
			);
			path = custom;
			sourceTree = "<group>";
		};
		867141982222D8840046C5E4 /* src */ = {
			isa = PBXGroup;
			children = (
				867141AE2222DA3A0046C5E4 /* gtest_main.cc */,
				867141AF2222DA3A0046C5E4 /* gtest-all.cc */,
				867141992222D8840046C5E4 /* gtest-test-part.cc */,
				8671419A2222D8840046C5E4 /* gtest.cc */,
				8671419C2222D8840046C5E4 /* gtest-internal-inl.h */,
				8671419D2222D8840046C5E4 /* gtest-death-test.cc */,
				8671419E2222D8840046C5E4 /* gtest-port.cc */,
				8671419F2222D8840046C5E4 /* gtest-printers.cc */,
				867141A02222D8840046C5E4 /* gtest-typed-test.cc */,
				867141A22222D8840046C5E4 /* gtest-filepath.cc */,
			);
			path = src;
			sourceTree = "<group>";
		};
/* End PBXGroup section */

/* Begin PBXNativeTarget section */
		8671416A2222D8610046C5E4 /* Xcode-CPP-Google-Test */ = {
			isa = PBXNativeTarget;
			buildConfigurationList = 867141722222D8610046C5E4 /* Build configuration list for PBXNativeTarget "Xcode-CPP-Google-Test" */;
			buildPhases = (
				867141672222D8610046C5E4 /* Sources */,
				867141682222D8610046C5E4 /* Frameworks */,
				867141692222D8610046C5E4 /* CopyFiles */,
			);
			buildRules = (
			);
			dependencies = (
			);
			name = "Xcode-CPP-Google-Test";
			productName = "Xcode-CPP-Google-Test";
			productReference = 8671416B2222D8610046C5E4 /* Xcode-CPP-Google-Test */;
			productType = "com.apple.product-type.tool";
		};
/* End PBXNativeTarget section */

/* Begin PBXProject section */
		867141632222D8610046C5E4 /* Project object */ = {
			isa = PBXProject;
			attributes = {
				LastUpgradeCheck = 1010;
				ORGANIZATIONNAME = "Stanislav Pankevich";
				TargetAttributes = {
					8671416A2222D8610046C5E4 = {
						CreatedOnToolsVersion = 10.1;
					};
				};
			};
			buildConfigurationList = 867141662222D8610046C5E4 /* Build configuration list for PBXProject "Xcode-CPP-Google-Test" */;
			compatibilityVersion = "Xcode 9.3";
			developmentRegion = en;
			hasScannedForEncodings = 0;
			knownRegions = (
				en,
			);
			mainGroup = 867141622222D8610046C5E4;
			productRefGroup = 8671416C2222D8610046C5E4 /* Products */;
			projectDirPath = "";
			projectRoot = "";
			targets = (
				8671416A2222D8610046C5E4 /* Xcode-CPP-Google-Test */,
			);
		};
/* End PBXProject section */

/* Begin PBXSourcesBuildPhase section */
		867141672222D8610046C5E4 /* Sources */ = {
			isa = PBXSourcesBuildPhase;
			buildActionMask = 2147483647;
			files = (
				867141A82222D8840046C5E4 /* gtest-printers.cc in Sources */,
				867141A72222D8840046C5E4 /* gtest-port.cc in Sources */,
				867141A32222D8840046C5E4 /* gtest-test-part.cc in Sources */,
				8671416F2222D8610046C5E4 /* main.cpp in Sources */,
				867141A42222D8840046C5E4 /* gtest.cc in Sources */,
				867141A92222D8840046C5E4 /* gtest-typed-test.cc in Sources */,
				867141A62222D8840046C5E4 /* gtest-death-test.cc in Sources */,
				867141AB2222D8840046C5E4 /* gtest-filepath.cc in Sources */,
			);
			runOnlyForDeploymentPostprocessing = 0;
		};
/* End PBXSourcesBuildPhase section */

/* Begin XCBuildConfiguration section */
		867141702222D8610046C5E4 /* Debug */ = {
			isa = XCBuildConfiguration;
			buildSettings = {
				ALWAYS_SEARCH_USER_PATHS = NO;
				CLANG_ANALYZER_NONNULL = YES;
				CLANG_ANALYZER_NUMBER_OBJECT_CONVERSION = YES_AGGRESSIVE;
				CLANG_CXX_LANGUAGE_STANDARD = "gnu++14";
				CLANG_CXX_LIBRARY = "libc++";
				CLANG_ENABLE_MODULES = YES;
				CLANG_ENABLE_OBJC_ARC = YES;
				CLANG_ENABLE_OBJC_WEAK = YES;
				CLANG_WARN_BLOCK_CAPTURE_AUTORELEASING = YES;
				CLANG_WARN_BOOL_CONVERSION = YES;
				CLANG_WARN_COMMA = YES;
				CLANG_WARN_CONSTANT_CONVERSION = YES;
				CLANG_WARN_DEPRECATED_OBJC_IMPLEMENTATIONS = YES;
				CLANG_WARN_DIRECT_OBJC_ISA_USAGE = YES_ERROR;
				CLANG_WARN_DOCUMENTATION_COMMENTS = YES;
				CLANG_WARN_EMPTY_BODY = YES;
				CLANG_WARN_ENUM_CONVERSION = YES;
				CLANG_WARN_INFINITE_RECURSION = YES;
				CLANG_WARN_INT_CONVERSION = YES;
				CLANG_WARN_NON_LITERAL_NULL_CONVERSION = YES;
				CLANG_WARN_OBJC_IMPLICIT_RETAIN_SELF = YES;
				CLANG_WARN_OBJC_LITERAL_CONVERSION = YES;
				CLANG_WARN_OBJC_ROOT_CLASS = YES_ERROR;
				CLANG_WARN_RANGE_LOOP_ANALYSIS = YES;
				CLANG_WARN_STRICT_PROTOTYPES = YES;
				CLANG_WARN_SUSPICIOUS_MOVE = YES;
				CLANG_WARN_UNGUARDED_AVAILABILITY = YES_AGGRESSIVE;
				CLANG_WARN_UNREACHABLE_CODE = YES;
				CLANG_WARN__DUPLICATE_METHOD_MATCH = YES;
				CODE_SIGN_IDENTITY = "Mac Developer";
				COPY_PHASE_STRIP = NO;
				DEBUG_INFORMATION_FORMAT = dwarf;
				ENABLE_STRICT_OBJC_MSGSEND = YES;
				ENABLE_TESTABILITY = YES;
				GCC_C_LANGUAGE_STANDARD = gnu11;
				GCC_DYNAMIC_NO_PIC = NO;
				GCC_NO_COMMON_BLOCKS = YES;
				GCC_OPTIMIZATION_LEVEL = 0;
				GCC_PREPROCESSOR_DEFINITIONS = (
					"DEBUG=1",
					"$(inherited)",
				);
				GCC_WARN_64_TO_32_BIT_CONVERSION = YES;
				GCC_WARN_ABOUT_RETURN_TYPE = YES_ERROR;
				GCC_WARN_UNDECLARED_SELECTOR = YES;
				GCC_WARN_UNINITIALIZED_AUTOS = YES_AGGRESSIVE;
				GCC_WARN_UNUSED_FUNCTION = YES;
				GCC_WARN_UNUSED_VARIABLE = YES;
				MACOSX_DEPLOYMENT_TARGET = 10.13;
				MTL_ENABLE_DEBUG_INFO = INCLUDE_SOURCE;
				MTL_FAST_MATH = YES;
				ONLY_ACTIVE_ARCH = YES;
				SDKROOT = macosx;
			};
			name = Debug;
		};
		867141712222D8610046C5E4 /* Release */ = {
			isa = XCBuildConfiguration;
			buildSettings = {
				ALWAYS_SEARCH_USER_PATHS = NO;
				CLANG_ANALYZER_NONNULL = YES;
				CLANG_ANALYZER_NUMBER_OBJECT_CONVERSION = YES_AGGRESSIVE;
				CLANG_CXX_LANGUAGE_STANDARD = "gnu++14";
				CLANG_CXX_LIBRARY = "libc++";
				CLANG_ENABLE_MODULES = YES;
				CLANG_ENABLE_OBJC_ARC = YES;
				CLANG_ENABLE_OBJC_WEAK = YES;
				CLANG_WARN_BLOCK_CAPTURE_AUTORELEASING = YES;
				CLANG_WARN_BOOL_CONVERSION = YES;
				CLANG_WARN_COMMA = YES;
				CLANG_WARN_CONSTANT_CONVERSION = YES;
				CLANG_WARN_DEPRECATED_OBJC_IMPLEMENTATIONS = YES;
				CLANG_WARN_DIRECT_OBJC_ISA_USAGE = YES_ERROR;
				CLANG_WARN_DOCUMENTATION_COMMENTS = YES;
				CLANG_WARN_EMPTY_BODY = YES;
				CLANG_WARN_ENUM_CONVERSION = YES;
				CLANG_WARN_INFINITE_RECURSION = YES;
				CLANG_WARN_INT_CONVERSION = YES;
				CLANG_WARN_NON_LITERAL_NULL_CONVERSION = YES;
				CLANG_WARN_OBJC_IMPLICIT_RETAIN_SELF = YES;
				CLANG_WARN_OBJC_LITERAL_CONVERSION = YES;
				CLANG_WARN_OBJC_ROOT_CLASS = YES_ERROR;
				CLANG_WARN_RANGE_LOOP_ANALYSIS = YES;
				CLANG_WARN_STRICT_PROTOTYPES = YES;
				CLANG_WARN_SUSPICIOUS_MOVE = YES;
				CLANG_WARN_UNGUARDED_AVAILABILITY = YES_AGGRESSIVE;
				CLANG_WARN_UNREACHABLE_CODE = YES;
				CLANG_WARN__DUPLICATE_METHOD_MATCH = YES;
				CODE_SIGN_IDENTITY = "Mac Developer";
				COPY_PHASE_STRIP = NO;
				DEBUG_INFORMATION_FORMAT = "dwarf-with-dsym";
				ENABLE_NS_ASSERTIONS = NO;
				ENABLE_STRICT_OBJC_MSGSEND = YES;
				GCC_C_LANGUAGE_STANDARD = gnu11;
				GCC_NO_COMMON_BLOCKS = YES;
				GCC_WARN_64_TO_32_BIT_CONVERSION = YES;
				GCC_WARN_ABOUT_RETURN_TYPE = YES_ERROR;
				GCC_WARN_UNDECLARED_SELECTOR = YES;
				GCC_WARN_UNINITIALIZED_AUTOS = YES_AGGRESSIVE;
				GCC_WARN_UNUSED_FUNCTION = YES;
				GCC_WARN_UNUSED_VARIABLE = YES;
				MACOSX_DEPLOYMENT_TARGET = 10.13;
				MTL_ENABLE_DEBUG_INFO = NO;
				MTL_FAST_MATH = YES;
				SDKROOT = macosx;
			};
			name = Release;
		};
		867141732222D8610046C5E4 /* Debug */ = {
			isa = XCBuildConfiguration;
			buildSettings = {
				CODE_SIGN_STYLE = Automatic;
				DEVELOPMENT_TEAM = 399ZF6384C;
				HEADER_SEARCH_PATHS = (
					"$(SRCROOT)/Xcode-CPP-Google-Test/googletest/",
					"$(SRCROOT)/Xcode-CPP-Google-Test/googletest/include",
				);
				PRODUCT_NAME = "$(TARGET_NAME)";
			};
			name = Debug;
		};
		867141742222D8610046C5E4 /* Release */ = {
			isa = XCBuildConfiguration;
			buildSettings = {
				CODE_SIGN_STYLE = Automatic;
				DEVELOPMENT_TEAM = 399ZF6384C;
				HEADER_SEARCH_PATHS = (
					"$(SRCROOT)/Xcode-CPP-Google-Test/googletest/",
					"$(SRCROOT)/Xcode-CPP-Google-Test/googletest/include",
				);
				PRODUCT_NAME = "$(TARGET_NAME)";
			};
			name = Release;
		};
/* End XCBuildConfiguration section */

/* Begin XCConfigurationList section */
		867141662222D8610046C5E4 /* Build configuration list for PBXProject "Xcode-CPP-Google-Test" */ = {
			isa = XCConfigurationList;
			buildConfigurations = (
				867141702222D8610046C5E4 /* Debug */,
				867141712222D8610046C5E4 /* Release */,
			);
			defaultConfigurationIsVisible = 0;
			defaultConfigurationName = Release;
		};
		867141722222D8610046C5E4 /* Build configuration list for PBXNativeTarget "Xcode-CPP-Google-Test" */ = {
			isa = XCConfigurationList;
			buildConfigurations = (
				867141732222D8610046C5E4 /* Debug */,
				867141742222D8610046C5E4 /* Release */,
			);
			defaultConfigurationIsVisible = 0;
			defaultConfigurationName = Release;
		};
/* End XCConfigurationList section */
	};
	rootObject = 867141632222D8610046C5E4 /* Project object */;
}
