// !$*UTF8*$!
{
	archiveVersion = 1;
	classes = {
	};
	objectVersion = 46;
	objects = {

/* Begin PBXBuildFile section */
		86470BD01C26FFAC00CDAC1A /* main.m in Sources */ = {isa = PBXBuildFile; fileRef = 86470BCF1C26FFAC00CDAC1A /* main.m */; };
		86470BD81C26FFDA00CDAC1A /* Terminal.m in Sources */ = {isa = PBXBuildFile; fileRef = 86470BD71C26FFDA00CDAC1A /* Terminal.m */; };
		86470BDB1C27008300CDAC1A /* TTY.m in Sources */ = {isa = PBXBuildFile; fileRef = 86470BDA1C27008300CDAC1A /* TTY.m */; };
		86470BDE1C27008C00CDAC1A /* Shell.m in Sources */ = {isa = PBXBuildFile; fileRef = 86470BDD1C27008C00CDAC1A /* Shell.m */; };
		86470BE11C2700BB00CDAC1A /* Client.m in Sources */ = {isa = PBXBuildFile; fileRef = 86470BE01C2700BB00CDAC1A /* Client.m */; };
/* End PBXBuildFile section */

/* Begin PBXCopyFilesBuildPhase section */
		86470BCA1C26FFAC00CDAC1A /* CopyFiles */ = {
			isa = PBXCopyFilesBuildPhase;
			buildActionMask = 2147483647;
			dstPath = /usr/share/man/man1/;
			dstSubfolderSpec = 0;
			files = (
			);
			runOnlyForDeploymentPostprocessing = 1;
		};
/* End PBXCopyFilesBuildPhase section */

/* Begin PBXFileReference section */
		86470BCC1C26FFAC00CDAC1A /* RawTerminal */ = {isa = PBXFileReference; explicitFileType = "compiled.mach-o.executable"; includeInIndex = 0; path = RawTerminal; sourceTree = BUILT_PRODUCTS_DIR; };
		86470BCF1C26FFAC00CDAC1A /* main.m */ = {isa = PBXFileReference; lastKnownFileType = sourcecode.c.objc; path = main.m; sourceTree = "<group>"; };
		86470BD61C26FFDA00CDAC1A /* Terminal.h */ = {isa = PBXFileReference; fileEncoding = 4; lastKnownFileType = sourcecode.c.h; path = Terminal.h; sourceTree = "<group>"; };
		86470BD71C26FFDA00CDAC1A /* Terminal.m */ = {isa = PBXFileReference; fileEncoding = 4; lastKnownFileType = sourcecode.c.objc; path = Terminal.m; sourceTree = "<group>"; };
		86470BD91C27008300CDAC1A /* TTY.h */ = {isa = PBXFileReference; fileEncoding = 4; lastKnownFileType = sourcecode.c.h; path = TTY.h; sourceTree = "<group>"; };
		86470BDA1C27008300CDAC1A /* TTY.m */ = {isa = PBXFileReference; fileEncoding = 4; lastKnownFileType = sourcecode.c.objc; path = TTY.m; sourceTree = "<group>"; };
		86470BDC1C27008C00CDAC1A /* Shell.h */ = {isa = PBXFileReference; fileEncoding = 4; lastKnownFileType = sourcecode.c.h; path = Shell.h; sourceTree = "<group>"; };
		86470BDD1C27008C00CDAC1A /* Shell.m */ = {isa = PBXFileReference; fileEncoding = 4; lastKnownFileType = sourcecode.c.objc; path = Shell.m; sourceTree = "<group>"; };
		86470BDF1C2700BB00CDAC1A /* Client.h */ = {isa = PBXFileReference; fileEncoding = 4; lastKnownFileType = sourcecode.c.h; path = Client.h; sourceTree = "<group>"; };
		86470BE01C2700BB00CDAC1A /* Client.m */ = {isa = PBXFileReference; fileEncoding = 4; lastKnownFileType = sourcecode.c.objc; path = Client.m; sourceTree = "<group>"; };
/* End PBXFileReference section */

/* Begin PBXFrameworksBuildPhase section */
		86470BC91C26FFAC00CDAC1A /* Frameworks */ = {
			isa = PBXFrameworksBuildPhase;
			buildActionMask = 2147483647;
			files = (
			);
			runOnlyForDeploymentPostprocessing = 0;
		};
/* End PBXFrameworksBuildPhase section */

/* Begin PBXGroup section */
		86470BC31C26FFAC00CDAC1A = {
			isa = PBXGroup;
			children = (
				86470BCE1C26FFAC00CDAC1A /* RawTerminal */,
				86470BCD1C26FFAC00CDAC1A /* Products */,
			);
			sourceTree = "<group>";
		};
		86470BCD1C26FFAC00CDAC1A /* Products */ = {
			isa = PBXGroup;
			children = (
				86470BCC1C26FFAC00CDAC1A /* RawTerminal */,
			);
			name = Products;
			sourceTree = "<group>";
		};
		86470BCE1C26FFAC00CDAC1A /* RawTerminal */ = {
			isa = PBXGroup;
			children = (
				86470BCF1C26FFAC00CDAC1A /* main.m */,
				86470BD61C26FFDA00CDAC1A /* Terminal.h */,
				86470BD71C26FFDA00CDAC1A /* Terminal.m */,
				86470BD91C27008300CDAC1A /* TTY.h */,
				86470BDA1C27008300CDAC1A /* TTY.m */,
				86470BDC1C27008C00CDAC1A /* Shell.h */,
				86470BDD1C27008C00CDAC1A /* Shell.m */,
				86470BDF1C2700BB00CDAC1A /* Client.h */,
				86470BE01C2700BB00CDAC1A /* Client.m */,
			);
			path = RawTerminal;
			sourceTree = "<group>";
		};
/* End PBXGroup section */

/* Begin PBXNativeTarget section */
		86470BCB1C26FFAC00CDAC1A /* RawTerminal */ = {
			isa = PBXNativeTarget;
			buildConfigurationList = 86470BD31C26FFAC00CDAC1A /* Build configuration list for PBXNativeTarget "RawTerminal" */;
			buildPhases = (
				86470BC81C26FFAC00CDAC1A /* Sources */,
				86470BC91C26FFAC00CDAC1A /* Frameworks */,
				86470BCA1C26FFAC00CDAC1A /* CopyFiles */,
			);
			buildRules = (
			);
			dependencies = (
			);
			name = RawTerminal;
			productName = RawTerminal;
			productReference = 86470BCC1C26FFAC00CDAC1A /* RawTerminal */;
			productType = "com.apple.product-type.tool";
		};
/* End PBXNativeTarget section */

/* Begin PBXProject section */
		86470BC41C26FFAC00CDAC1A /* Project object */ = {
			isa = PBXProject;
			attributes = {
				LastUpgradeCheck = 0710;
				ORGANIZATIONNAME = "Stanislaw Pankevich";
				TargetAttributes = {
					86470BCB1C26FFAC00CDAC1A = {
						CreatedOnToolsVersion = 7.1;
					};
				};
			};
			buildConfigurationList = 86470BC71C26FFAC00CDAC1A /* Build configuration list for PBXProject "RawTerminal" */;
			compatibilityVersion = "Xcode 3.2";
			developmentRegion = English;
			hasScannedForEncodings = 0;
			knownRegions = (
				en,
			);
			mainGroup = 86470BC31C26FFAC00CDAC1A;
			productRefGroup = 86470BCD1C26FFAC00CDAC1A /* Products */;
			projectDirPath = "";
			projectRoot = "";
			targets = (
				86470BCB1C26FFAC00CDAC1A /* RawTerminal */,
			);
		};
/* End PBXProject section */

/* Begin PBXSourcesBuildPhase section */
		86470BC81C26FFAC00CDAC1A /* Sources */ = {
			isa = PBXSourcesBuildPhase;
			buildActionMask = 2147483647;
			files = (
				86470BDB1C27008300CDAC1A /* TTY.m in Sources */,
				86470BD01C26FFAC00CDAC1A /* main.m in Sources */,
				86470BDE1C27008C00CDAC1A /* Shell.m in Sources */,
				86470BD81C26FFDA00CDAC1A /* Terminal.m in Sources */,
				86470BE11C2700BB00CDAC1A /* Client.m in Sources */,
			);
			runOnlyForDeploymentPostprocessing = 0;
		};
/* End PBXSourcesBuildPhase section */

/* Begin XCBuildConfiguration section */
		86470BD11C26FFAC00CDAC1A /* Debug */ = {
			isa = XCBuildConfiguration;
			buildSettings = {
				ALWAYS_SEARCH_USER_PATHS = NO;
				CLANG_CXX_LANGUAGE_STANDARD = "gnu++0x";
				CLANG_CXX_LIBRARY = "libc++";
				CLANG_ENABLE_MODULES = YES;
				CLANG_ENABLE_OBJC_ARC = YES;
				CLANG_WARN_BOOL_CONVERSION = YES;
				CLANG_WARN_CONSTANT_CONVERSION = YES;
				CLANG_WARN_DIRECT_OBJC_ISA_USAGE = YES_ERROR;
				CLANG_WARN_EMPTY_BODY = YES;
				CLANG_WARN_ENUM_CONVERSION = YES;
				CLANG_WARN_INT_CONVERSION = YES;
				CLANG_WARN_OBJC_ROOT_CLASS = YES_ERROR;
				CLANG_WARN_UNREACHABLE_CODE = YES;
				CLANG_WARN__DUPLICATE_METHOD_MATCH = YES;
				CODE_SIGN_IDENTITY = "-";
				COPY_PHASE_STRIP = NO;
				DEBUG_INFORMATION_FORMAT = dwarf;
				ENABLE_STRICT_OBJC_MSGSEND = YES;
				ENABLE_TESTABILITY = YES;
				GCC_C_LANGUAGE_STANDARD = gnu99;
				GCC_DYNAMIC_NO_PIC = NO;
				GCC_NO_COMMON_BLOCKS = YES;
				GCC_OPTIMIZATION_LEVEL = 0;
				GCC_PREPROCESSOR_DEFINITIONS = (
					"DEBUG=1",
					"$(inherited)",
				);
				GCC_WARN_64_TO_32_BIT_CONVERSION = YES;
				GCC_WARN_ABOUT_RETURN_TYPE = YES_ERROR;
				GCC_WARN_UNDECLARED_SELECTOR = YES;
				GCC_WARN_UNINITIALIZED_AUTOS = YES_AGGRESSIVE;
				GCC_WARN_UNUSED_FUNCTION = YES;
				GCC_WARN_UNUSED_VARIABLE = YES;
				MACOSX_DEPLOYMENT_TARGET = 10.11;
				MTL_ENABLE_DEBUG_INFO = YES;
				ONLY_ACTIVE_ARCH = YES;
				SDKROOT = macosx;
			};
			name = Debug;
		};
		86470BD21C26FFAC00CDAC1A /* Release */ = {
			isa = XCBuildConfiguration;
			buildSettings = {
				ALWAYS_SEARCH_USER_PATHS = NO;
				CLANG_CXX_LANGUAGE_STANDARD = "gnu++0x";
				CLANG_CXX_LIBRARY = "libc++";
				CLANG_ENABLE_MODULES = YES;
				CLANG_ENABLE_OBJC_ARC = YES;
				CLANG_WARN_BOOL_CONVERSION = YES;
				CLANG_WARN_CONSTANT_CONVERSION = YES;
				CLANG_WARN_DIRECT_OBJC_ISA_USAGE = YES_ERROR;
				CLANG_WARN_EMPTY_BODY = YES;
				CLANG_WARN_ENUM_CONVERSION = YES;
				CLANG_WARN_INT_CONVERSION = YES;
				CLANG_WARN_OBJC_ROOT_CLASS = YES_ERROR;
				CLANG_WARN_UNREACHABLE_CODE = YES;
				CLANG_WARN__DUPLICATE_METHOD_MATCH = YES;
				CODE_SIGN_IDENTITY = "-";
				COPY_PHASE_STRIP = NO;
				DEBUG_INFORMATION_FORMAT = "dwarf-with-dsym";
				ENABLE_NS_ASSERTIONS = NO;
				ENABLE_STRICT_OBJC_MSGSEND = YES;
				GCC_C_LANGUAGE_STANDARD = gnu99;
				GCC_NO_COMMON_BLOCKS = YES;
				GCC_WARN_64_TO_32_BIT_CONVERSION = YES;
				GCC_WARN_ABOUT_RETURN_TYPE = YES_ERROR;
				GCC_WARN_UNDECLARED_SELECTOR = YES;
				GCC_WARN_UNINITIALIZED_AUTOS = YES_AGGRESSIVE;
				GCC_WARN_UNUSED_FUNCTION = YES;
				GCC_WARN_UNUSED_VARIABLE = YES;
				MACOSX_DEPLOYMENT_TARGET = 10.11;
				MTL_ENABLE_DEBUG_INFO = NO;
				SDKROOT = macosx;
			};
			name = Release;
		};
		86470BD41C26FFAC00CDAC1A /* Debug */ = {
			isa = XCBuildConfiguration;
			buildSettings = {
				PRODUCT_NAME = "$(TARGET_NAME)";
			};
			name = Debug;
		};
		86470BD51C26FFAC00CDAC1A /* Release */ = {
			isa = XCBuildConfiguration;
			buildSettings = {
				PRODUCT_NAME = "$(TARGET_NAME)";
			};
			name = Release;
		};
/* End XCBuildConfiguration section */

/* Begin XCConfigurationList section */
		86470BC71C26FFAC00CDAC1A /* Build configuration list for PBXProject "RawTerminal" */ = {
			isa = XCConfigurationList;
			buildConfigurations = (
				86470BD11C26FFAC00CDAC1A /* Debug */,
				86470BD21C26FFAC00CDAC1A /* Release */,
			);
			defaultConfigurationIsVisible = 0;
			defaultConfigurationName = Release;
		};
		86470BD31C26FFAC00CDAC1A /* Build configuration list for PBXNativeTarget "RawTerminal" */ = {
			isa = XCConfigurationList;
			buildConfigurations = (
				86470BD41C26FFAC00CDAC1A /* Debug */,
				86470BD51C26FFAC00CDAC1A /* Release */,
			);
			defaultConfigurationIsVisible = 0;
		};
/* End XCConfigurationList section */
	};
	rootObject = 86470BC41C26FFAC00CDAC1A /* Project object */;
}
