// !$*UTF8*$!
{
	archiveVersion = 1;
	classes = {
	};
	objectVersion = 46;
	objects = {

/* Begin PBXBuildFile section */
		8658B4C21DC8CF7600532059 /* main.mm in Sources */ = {isa = PBXBuildFile; fileRef = 8658B4C11DC8CF7600532059 /* main.mm */; };
		8658B4D11DC8CFBA00532059 /* lexer.mm in Sources */ = {isa = PBXBuildFile; fileRef = 8658B4CB1DC8CFBA00532059 /* lexer.mm */; };
		8658B4D21DC8CFBA00532059 /* parser.mm in Sources */ = {isa = PBXBuildFile; fileRef = 8658B4CD1DC8CFBA00532059 /* parser.mm */; };
/* End PBXBuildFile section */

/* Begin PBXCopyFilesBuildPhase section */
		8658B4BC1DC8CF7600532059 /* CopyFiles */ = {
			isa = PBXCopyFilesBuildPhase;
			buildActionMask = 2147483647;
			dstPath = /usr/share/man/man1/;
			dstSubfolderSpec = 0;
			files = (
			);
			runOnlyForDeploymentPostprocessing = 1;
		};
/* End PBXCopyFilesBuildPhase section */

/* Begin PBXFileReference section */
		8658B4BE1DC8CF7600532059 /* Flex-Bison-CPP */ = {isa = PBXFileReference; explicitFileType = "compiled.mach-o.executable"; includeInIndex = 0; path = "Flex-Bison-CPP"; sourceTree = BUILT_PRODUCTS_DIR; };
		8658B4C11DC8CF7600532059 /* main.mm */ = {isa = PBXFileReference; lastKnownFileType = sourcecode.cpp.objcpp; path = main.mm; sourceTree = "<group>"; };
		8658B4CA1DC8CFBA00532059 /* lexer.hpp */ = {isa = PBXFileReference; fileEncoding = 4; lastKnownFileType = sourcecode.cpp.h; path = lexer.hpp; sourceTree = "<group>"; };
		8658B4CB1DC8CFBA00532059 /* lexer.mm */ = {isa = PBXFileReference; fileEncoding = 4; lastKnownFileType = sourcecode.cpp.objcpp; path = lexer.mm; sourceTree = "<group>"; };
		8658B4CC1DC8CFBA00532059 /* parser.hpp */ = {isa = PBXFileReference; fileEncoding = 4; lastKnownFileType = sourcecode.cpp.h; path = parser.hpp; sourceTree = "<group>"; };
		8658B4CD1DC8CFBA00532059 /* parser.mm */ = {isa = PBXFileReference; fileEncoding = 4; lastKnownFileType = sourcecode.cpp.objcpp; path = parser.mm; sourceTree = "<group>"; };
		8658B4CE1DC8CFBA00532059 /* Lexer.lm */ = {isa = PBXFileReference; fileEncoding = 4; lastKnownFileType = sourcecode.lex; path = Lexer.lm; sourceTree = "<group>"; };
		8658B4CF1DC8CFBA00532059 /* Parser.ym */ = {isa = PBXFileReference; fileEncoding = 4; lastKnownFileType = sourcecode.yacc; path = Parser.ym; sourceTree = "<group>"; };
		8658B4D01DC8CFBA00532059 /* ParserConsumer.h */ = {isa = PBXFileReference; fileEncoding = 4; lastKnownFileType = sourcecode.c.h; path = ParserConsumer.h; sourceTree = "<group>"; };
/* End PBXFileReference section */

/* Begin PBXFrameworksBuildPhase section */
		8658B4BB1DC8CF7600532059 /* Frameworks */ = {
			isa = PBXFrameworksBuildPhase;
			buildActionMask = 2147483647;
			files = (
			);
			runOnlyForDeploymentPostprocessing = 0;
		};
/* End PBXFrameworksBuildPhase section */

/* Begin PBXGroup section */
		8658B4B51DC8CF7600532059 = {
			isa = PBXGroup;
			children = (
				8658B4C81DC8CFBA00532059 /* Parser */,
				8658B4C01DC8CF7600532059 /* Flex-Bison-CPP */,
				8658B4BF1DC8CF7600532059 /* Products */,
			);
			sourceTree = "<group>";
		};
		8658B4BF1DC8CF7600532059 /* Products */ = {
			isa = PBXGroup;
			children = (
				8658B4BE1DC8CF7600532059 /* Flex-Bison-CPP */,
			);
			name = Products;
			sourceTree = "<group>";
		};
		8658B4C01DC8CF7600532059 /* Flex-Bison-CPP */ = {
			isa = PBXGroup;
			children = (
				8658B4C11DC8CF7600532059 /* main.mm */,
			);
			path = "Flex-Bison-CPP";
			sourceTree = "<group>";
		};
		8658B4C81DC8CFBA00532059 /* Parser */ = {
			isa = PBXGroup;
			children = (
				8658B4C91DC8CFBA00532059 /* Generated Code */,
				8658B4CE1DC8CFBA00532059 /* Lexer.lm */,
				8658B4CF1DC8CFBA00532059 /* Parser.ym */,
				8658B4D01DC8CFBA00532059 /* ParserConsumer.h */,
			);
			name = Parser;
			path = ../Parser;
			sourceTree = "<group>";
		};
		8658B4C91DC8CFBA00532059 /* Generated Code */ = {
			isa = PBXGroup;
			children = (
				8658B4CA1DC8CFBA00532059 /* lexer.hpp */,
				8658B4CB1DC8CFBA00532059 /* lexer.mm */,
				8658B4CC1DC8CFBA00532059 /* parser.hpp */,
				8658B4CD1DC8CFBA00532059 /* parser.mm */,
			);
			path = "Generated Code";
			sourceTree = "<group>";
		};
/* End PBXGroup section */

/* Begin PBXNativeTarget section */
		8658B4BD1DC8CF7600532059 /* Flex-Bison-CPP */ = {
			isa = PBXNativeTarget;
			buildConfigurationList = 8658B4C51DC8CF7600532059 /* Build configuration list for PBXNativeTarget "Flex-Bison-CPP" */;
			buildPhases = (
				8658B4D51DC8CFC800532059 /* Flex / Bison */,
				8658B4BA1DC8CF7600532059 /* Sources */,
				8658B4BB1DC8CF7600532059 /* Frameworks */,
				8658B4BC1DC8CF7600532059 /* CopyFiles */,
			);
			buildRules = (
			);
			dependencies = (
			);
			name = "Flex-Bison-CPP";
			productName = "Flex-Bison-CPP";
			productReference = 8658B4BE1DC8CF7600532059 /* Flex-Bison-CPP */;
			productType = "com.apple.product-type.tool";
		};
/* End PBXNativeTarget section */

/* Begin PBXProject section */
		8658B4B61DC8CF7600532059 /* Project object */ = {
			isa = PBXProject;
			attributes = {
				LastUpgradeCheck = 0800;
				ORGANIZATIONNAME = "Stanislav Pankevich";
				TargetAttributes = {
					8658B4BD1DC8CF7600532059 = {
						CreatedOnToolsVersion = 8.0;
						DevelopmentTeam = 399ZF6384C;
						ProvisioningStyle = Automatic;
					};
				};
			};
			buildConfigurationList = 8658B4B91DC8CF7600532059 /* Build configuration list for PBXProject "Flex-Bison-CPP" */;
			compatibilityVersion = "Xcode 3.2";
			developmentRegion = English;
			hasScannedForEncodings = 0;
			knownRegions = (
				en,
			);
			mainGroup = 8658B4B51DC8CF7600532059;
			productRefGroup = 8658B4BF1DC8CF7600532059 /* Products */;
			projectDirPath = "";
			projectRoot = "";
			targets = (
				8658B4BD1DC8CF7600532059 /* Flex-Bison-CPP */,
			);
		};
/* End PBXProject section */

/* Begin PBXShellScriptBuildPhase section */
		8658B4D51DC8CFC800532059 /* Flex / Bison */ = {
			isa = PBXShellScriptBuildPhase;
			buildActionMask = 2147483647;
			files = (
			);
			inputPaths = (
			);
			name = "Flex / Bison";
			outputPaths = (
			);
			runOnlyForDeploymentPostprocessing = 0;
			shellPath = /bin/sh;
			shellScript = "cd ../\nmake";
		};
/* End PBXShellScriptBuildPhase section */

/* Begin PBXSourcesBuildPhase section */
		8658B4BA1DC8CF7600532059 /* Sources */ = {
			isa = PBXSourcesBuildPhase;
			buildActionMask = 2147483647;
			files = (
				8658B4D11DC8CFBA00532059 /* lexer.mm in Sources */,
				8658B4C21DC8CF7600532059 /* main.mm in Sources */,
				8658B4D21DC8CFBA00532059 /* parser.mm in Sources */,
			);
			runOnlyForDeploymentPostprocessing = 0;
		};
/* End PBXSourcesBuildPhase section */

/* Begin XCBuildConfiguration section */
		8658B4C31DC8CF7600532059 /* Debug */ = {
			isa = XCBuildConfiguration;
			buildSettings = {
				ALWAYS_SEARCH_USER_PATHS = NO;
				CLANG_ANALYZER_NONNULL = YES;
				CLANG_CXX_LANGUAGE_STANDARD = "gnu++0x";
				CLANG_CXX_LIBRARY = "libc++";
				CLANG_ENABLE_MODULES = YES;
				CLANG_ENABLE_OBJC_ARC = YES;
				CLANG_WARN_BOOL_CONVERSION = YES;
				CLANG_WARN_CONSTANT_CONVERSION = YES;
				CLANG_WARN_DIRECT_OBJC_ISA_USAGE = YES_ERROR;
				CLANG_WARN_DOCUMENTATION_COMMENTS = YES;
				CLANG_WARN_EMPTY_BODY = YES;
				CLANG_WARN_ENUM_CONVERSION = YES;
				CLANG_WARN_INFINITE_RECURSION = YES;
				CLANG_WARN_INT_CONVERSION = YES;
				CLANG_WARN_OBJC_ROOT_CLASS = YES_ERROR;
				CLANG_WARN_SUSPICIOUS_MOVES = YES;
				CLANG_WARN_UNREACHABLE_CODE = YES;
				CLANG_WARN__DUPLICATE_METHOD_MATCH = YES;
				CODE_SIGN_IDENTITY = "-";
				COPY_PHASE_STRIP = NO;
				DEBUG_INFORMATION_FORMAT = dwarf;
				ENABLE_STRICT_OBJC_MSGSEND = YES;
				ENABLE_TESTABILITY = YES;
				GCC_C_LANGUAGE_STANDARD = gnu99;
				GCC_DYNAMIC_NO_PIC = NO;
				GCC_NO_COMMON_BLOCKS = YES;
				GCC_OPTIMIZATION_LEVEL = 0;
				GCC_PREPROCESSOR_DEFINITIONS = (
					"DEBUG=1",
					"$(inherited)",
				);
				GCC_WARN_64_TO_32_BIT_CONVERSION = YES;
				GCC_WARN_ABOUT_RETURN_TYPE = YES_ERROR;
				GCC_WARN_UNDECLARED_SELECTOR = YES;
				GCC_WARN_UNINITIALIZED_AUTOS = YES_AGGRESSIVE;
				GCC_WARN_UNUSED_FUNCTION = YES;
				GCC_WARN_UNUSED_VARIABLE = YES;
				MACOSX_DEPLOYMENT_TARGET = 10.11;
				MTL_ENABLE_DEBUG_INFO = YES;
				ONLY_ACTIVE_ARCH = YES;
				SDKROOT = macosx;
			};
			name = Debug;
		};
		8658B4C41DC8CF7600532059 /* Release */ = {
			isa = XCBuildConfiguration;
			buildSettings = {
				ALWAYS_SEARCH_USER_PATHS = NO;
				CLANG_ANALYZER_NONNULL = YES;
				CLANG_CXX_LANGUAGE_STANDARD = "gnu++0x";
				CLANG_CXX_LIBRARY = "libc++";
				CLANG_ENABLE_MODULES = YES;
				CLANG_ENABLE_OBJC_ARC = YES;
				CLANG_WARN_BOOL_CONVERSION = YES;
				CLANG_WARN_CONSTANT_CONVERSION = YES;
				CLANG_WARN_DIRECT_OBJC_ISA_USAGE = YES_ERROR;
				CLANG_WARN_DOCUMENTATION_COMMENTS = YES;
				CLANG_WARN_EMPTY_BODY = YES;
				CLANG_WARN_ENUM_CONVERSION = YES;
				CLANG_WARN_INFINITE_RECURSION = YES;
				CLANG_WARN_INT_CONVERSION = YES;
				CLANG_WARN_OBJC_ROOT_CLASS = YES_ERROR;
				CLANG_WARN_SUSPICIOUS_MOVES = YES;
				CLANG_WARN_UNREACHABLE_CODE = YES;
				CLANG_WARN__DUPLICATE_METHOD_MATCH = YES;
				CODE_SIGN_IDENTITY = "-";
				COPY_PHASE_STRIP = NO;
				DEBUG_INFORMATION_FORMAT = "dwarf-with-dsym";
				ENABLE_NS_ASSERTIONS = NO;
				ENABLE_STRICT_OBJC_MSGSEND = YES;
				GCC_C_LANGUAGE_STANDARD = gnu99;
				GCC_NO_COMMON_BLOCKS = YES;
				GCC_WARN_64_TO_32_BIT_CONVERSION = YES;
				GCC_WARN_ABOUT_RETURN_TYPE = YES_ERROR;
				GCC_WARN_UNDECLARED_SELECTOR = YES;
				GCC_WARN_UNINITIALIZED_AUTOS = YES_AGGRESSIVE;
				GCC_WARN_UNUSED_FUNCTION = YES;
				GCC_WARN_UNUSED_VARIABLE = YES;
				MACOSX_DEPLOYMENT_TARGET = 10.11;
				MTL_ENABLE_DEBUG_INFO = NO;
				SDKROOT = macosx;
			};
			name = Release;
		};
		8658B4C61DC8CF7600532059 /* Debug */ = {
			isa = XCBuildConfiguration;
			buildSettings = {
				DEVELOPMENT_TEAM = 399ZF6384C;
				PRODUCT_NAME = "$(TARGET_NAME)";
			};
			name = Debug;
		};
		8658B4C71DC8CF7600532059 /* Release */ = {
			isa = XCBuildConfiguration;
			buildSettings = {
				DEVELOPMENT_TEAM = 399ZF6384C;
				PRODUCT_NAME = "$(TARGET_NAME)";
			};
			name = Release;
		};
/* End XCBuildConfiguration section */

/* Begin XCConfigurationList section */
		8658B4B91DC8CF7600532059 /* Build configuration list for PBXProject "Flex-Bison-CPP" */ = {
			isa = XCConfigurationList;
			buildConfigurations = (
				8658B4C31DC8CF7600532059 /* Debug */,
				8658B4C41DC8CF7600532059 /* Release */,
			);
			defaultConfigurationIsVisible = 0;
			defaultConfigurationName = Release;
		};
		8658B4C51DC8CF7600532059 /* Build configuration list for PBXNativeTarget "Flex-Bison-CPP" */ = {
			isa = XCConfigurationList;
			buildConfigurations = (
				8658B4C61DC8CF7600532059 /* Debug */,
				8658B4C71DC8CF7600532059 /* Release */,
			);
			defaultConfigurationIsVisible = 0;
			defaultConfigurationName = Release;
		};
/* End XCConfigurationList section */
	};
	rootObject = 8658B4B61DC8CF7600532059 /* Project object */;
}
